// !$*UTF8*$!
{
	archiveVersion = 1;
	classes = {
	};
	objectVersion = 46;
	objects = {

/* Begin PBXBuildFile section */
		1958136D1D7076E600ADADB3 /* index.html in Resources */ = {isa = PBXBuildFile; fileRef = 1958136C1D7076E600ADADB3 /* index.html */; };
		1958138F1D72DB4500ADADB3 /* nail1.html in Resources */ = {isa = PBXBuildFile; fileRef = 1958138E1D72DB4500ADADB3 /* nail1.html */; };
		195813931D72FC7400ADADB3 /* nail2.html in Resources */ = {isa = PBXBuildFile; fileRef = 195813921D72FC7400ADADB3 /* nail2.html */; };
		195813951D72FD3800ADADB3 /* nail3.html in Resources */ = {isa = PBXBuildFile; fileRef = 195813941D72FD3800ADADB3 /* nail3.html */; };
		195813971D72FD4500ADADB3 /* nail4.html in Resources */ = {isa = PBXBuildFile; fileRef = 195813961D72FD4500ADADB3 /* nail4.html */; };
		195813991D72FD5400ADADB3 /* nail5.html in Resources */ = {isa = PBXBuildFile; fileRef = 195813981D72FD5400ADADB3 /* nail5.html */; };
		1958139C1D72FDB200ADADB3 /* nail6.html in Resources */ = {isa = PBXBuildFile; fileRef = 1958139B1D72FDB200ADADB3 /* nail6.html */; };
		195813A01D72FDF800ADADB3 /* nail8.html in Resources */ = {isa = PBXBuildFile; fileRef = 1958139F1D72FDF800ADADB3 /* nail8.html */; };
		195813A21D72FE0D00ADADB3 /* nail9.html in Resources */ = {isa = PBXBuildFile; fileRef = 195813A11D72FE0D00ADADB3 /* nail9.html */; };
		195813A41D72FE6500ADADB3 /* nail7.html in Resources */ = {isa = PBXBuildFile; fileRef = 195813A31D72FE6500ADADB3 /* nail7.html */; };
		195813A61D72FE6A00ADADB3 /* nail10.html in Resources */ = {isa = PBXBuildFile; fileRef = 195813A51D72FE6A00ADADB3 /* nail10.html */; };
		195813A81D72FE7B00ADADB3 /* nail11.html in Resources */ = {isa = PBXBuildFile; fileRef = 195813A71D72FE7B00ADADB3 /* nail11.html */; };
		195813AA1D7304A300ADADB3 /* ForFirstWebViewController.swift in Sources */ = {isa = PBXBuildFile; fileRef = 195813A91D7304A300ADADB3 /* ForFirstWebViewController.swift */; };
		195813AC1D73718500ADADB3 /* Const.swift in Sources */ = {isa = PBXBuildFile; fileRef = 195813AB1D73718500ADADB3 /* Const.swift */; };
		19B37DF61D700307006AE30C /* GoogleService-Info.plist in Resources */ = {isa = PBXBuildFile; fileRef = 19B37DF51D700307006AE30C /* GoogleService-Info.plist */; };
		19B37E161D70173D006AE30C /* PostData.swift in Sources */ = {isa = PBXBuildFile; fileRef = 19B37E151D70173D006AE30C /* PostData.swift */; };
		19FBE69E1D671C6B009D379F /* AppDelegate.swift in Sources */ = {isa = PBXBuildFile; fileRef = 19FBE69D1D671C6B009D379F /* AppDelegate.swift */; };
		19FBE6A01D671C6B009D379F /* ViewController.swift in Sources */ = {isa = PBXBuildFile; fileRef = 19FBE69F1D671C6B009D379F /* ViewController.swift */; };
		19FBE6A31D671C6B009D379F /* Main.storyboard in Resources */ = {isa = PBXBuildFile; fileRef = 19FBE6A11D671C6B009D379F /* Main.storyboard */; };
		19FBE6A51D671C6B009D379F /* Assets.xcassets in Resources */ = {isa = PBXBuildFile; fileRef = 19FBE6A41D671C6B009D379F /* Assets.xcassets */; };
		19FBE6A81D671C6B009D379F /* LaunchScreen.storyboard in Resources */ = {isa = PBXBuildFile; fileRef = 19FBE6A61D671C6B009D379F /* LaunchScreen.storyboard */; };
		19FBE6BA1D6EB2EA009D379F /* NailSalonTableViewController.swift in Sources */ = {isa = PBXBuildFile; fileRef = 19FBE6B91D6EB2EA009D379F /* NailSalonTableViewController.swift */; };
		19FBE6BD1D6EB529009D379F /* NailSalonTableViewCell.swift in Sources */ = {isa = PBXBuildFile; fileRef = 19FBE6BB1D6EB529009D379F /* NailSalonTableViewCell.swift */; };
		19FBE6BE1D6EB529009D379F /* NailSalonTableViewCell.xib in Resources */ = {isa = PBXBuildFile; fileRef = 19FBE6BC1D6EB529009D379F /* NailSalonTableViewCell.xib */; };
		19FBE6C41D6ED9C0009D379F /* FromPicsTableViewController.swift in Sources */ = {isa = PBXBuildFile; fileRef = 19FBE6C31D6ED9C0009D379F /* FromPicsTableViewController.swift */; };
		19FBE6C61D6EDA29009D379F /* ForFirstViewController.swift in Sources */ = {isa = PBXBuildFile; fileRef = 19FBE6C51D6EDA29009D379F /* ForFirstViewController.swift */; };
		19FBE6C81D6EDA4A009D379F /* ResultViewController.swift in Sources */ = {isa = PBXBuildFile; fileRef = 19FBE6C71D6EDA4A009D379F /* ResultViewController.swift */; };
		19FBE6CA1D6EDAD9009D379F /* FromDetailViewController.swift in Sources */ = {isa = PBXBuildFile; fileRef = 19FBE6C91D6EDAD9009D379F /* FromDetailViewController.swift */; };
		19FBE6CC1D6EDB03009D379F /* PostViewController.swift in Sources */ = {isa = PBXBuildFile; fileRef = 19FBE6CB1D6EDB03009D379F /* PostViewController.swift */; };
		675DBB807D7F3DD2F8D57114 /* Pods_NailSalon.framework in Frameworks */ = {isa = PBXBuildFile; fileRef = FFDE1B6F6C7FAA87D1C94ACE /* Pods_NailSalon.framework */; };
/* End PBXBuildFile section */

/* Begin PBXFileReference section */
		191EB6821D89AA9F0094BCB5 /* NailSalon-Bridging-Header.h */ = {isa = PBXFileReference; lastKnownFileType = sourcecode.c.h; path = "NailSalon-Bridging-Header.h"; sourceTree = "<group>"; };
		1958136C1D7076E600ADADB3 /* index.html */ = {isa = PBXFileReference; fileEncoding = 4; lastKnownFileType = text.html; path = index.html; sourceTree = "<group>"; };
		1958138E1D72DB4500ADADB3 /* nail1.html */ = {isa = PBXFileReference; fileEncoding = 4; lastKnownFileType = text.html; path = nail1.html; sourceTree = "<group>"; };
		195813921D72FC7400ADADB3 /* nail2.html */ = {isa = PBXFileReference; fileEncoding = 4; lastKnownFileType = text.html; path = nail2.html; sourceTree = "<group>"; };
		195813941D72FD3800ADADB3 /* nail3.html */ = {isa = PBXFileReference; fileEncoding = 4; lastKnownFileType = text.html; path = nail3.html; sourceTree = "<group>"; };
		195813961D72FD4500ADADB3 /* nail4.html */ = {isa = PBXFileReference; fileEncoding = 4; lastKnownFileType = text.html; path = nail4.html; sourceTree = "<group>"; };
		195813981D72FD5400ADADB3 /* nail5.html */ = {isa = PBXFileReference; fileEncoding = 4; lastKnownFileType = text.html; path = nail5.html; sourceTree = "<group>"; };
		1958139B1D72FDB200ADADB3 /* nail6.html */ = {isa = PBXFileReference; fileEncoding = 4; lastKnownFileType = text.html; path = nail6.html; sourceTree = "<group>"; };
		1958139F1D72FDF800ADADB3 /* nail8.html */ = {isa = PBXFileReference; fileEncoding = 4; lastKnownFileType = text.html; path = nail8.html; sourceTree = "<group>"; };
		195813A11D72FE0D00ADADB3 /* nail9.html */ = {isa = PBXFileReference; fileEncoding = 4; lastKnownFileType = text.html; path = nail9.html; sourceTree = "<group>"; };
		195813A31D72FE6500ADADB3 /* nail7.html */ = {isa = PBXFileReference; fileEncoding = 4; lastKnownFileType = text.html; path = nail7.html; sourceTree = "<group>"; };
		195813A51D72FE6A00ADADB3 /* nail10.html */ = {isa = PBXFileReference; fileEncoding = 4; lastKnownFileType = text.html; path = nail10.html; sourceTree = "<group>"; };
		195813A71D72FE7B00ADADB3 /* nail11.html */ = {isa = PBXFileReference; fileEncoding = 4; lastKnownFileType = text.html; path = nail11.html; sourceTree = "<group>"; };
		195813A91D7304A300ADADB3 /* ForFirstWebViewController.swift */ = {isa = PBXFileReference; fileEncoding = 4; lastKnownFileType = sourcecode.swift; path = ForFirstWebViewController.swift; sourceTree = "<group>"; };
		195813AB1D73718500ADADB3 /* Const.swift */ = {isa = PBXFileReference; fileEncoding = 4; lastKnownFileType = sourcecode.swift; path = Const.swift; sourceTree = "<group>"; };
		19B37DF51D700307006AE30C /* GoogleService-Info.plist */ = {isa = PBXFileReference; fileEncoding = 4; lastKnownFileType = text.plist.xml; path = "GoogleService-Info.plist"; sourceTree = "<group>"; };
		19B37E151D70173D006AE30C /* PostData.swift */ = {isa = PBXFileReference; fileEncoding = 4; lastKnownFileType = sourcecode.swift; path = PostData.swift; sourceTree = "<group>"; };
		19FBE69A1D671C6B009D379F /* NailSalon.app */ = {isa = PBXFileReference; explicitFileType = wrapper.application; includeInIndex = 0; path = NailSalon.app; sourceTree = BUILT_PRODUCTS_DIR; };
		19FBE69D1D671C6B009D379F /* AppDelegate.swift */ = {isa = PBXFileReference; lastKnownFileType = sourcecode.swift; path = AppDelegate.swift; sourceTree = "<group>"; };
		19FBE69F1D671C6B009D379F /* ViewController.swift */ = {isa = PBXFileReference; lastKnownFileType = sourcecode.swift; path = ViewController.swift; sourceTree = "<group>"; };
		19FBE6A21D671C6B009D379F /* Base */ = {isa = PBXFileReference; lastKnownFileType = file.storyboard; name = Base; path = Base.lproj/Main.storyboard; sourceTree = "<group>"; };
		19FBE6A41D671C6B009D379F /* Assets.xcassets */ = {isa = PBXFileReference; lastKnownFileType = folder.assetcatalog; path = Assets.xcassets; sourceTree = "<group>"; };
		19FBE6A71D671C6B009D379F /* Base */ = {isa = PBXFileReference; lastKnownFileType = file.storyboard; name = Base; path = Base.lproj/LaunchScreen.storyboard; sourceTree = "<group>"; };
		19FBE6A91D671C6B009D379F /* Info.plist */ = {isa = PBXFileReference; lastKnownFileType = text.plist.xml; path = Info.plist; sourceTree = "<group>"; };
		19FBE6B91D6EB2EA009D379F /* NailSalonTableViewController.swift */ = {isa = PBXFileReference; fileEncoding = 4; lastKnownFileType = sourcecode.swift; path = NailSalonTableViewController.swift; sourceTree = "<group>"; };
		19FBE6BB1D6EB529009D379F /* NailSalonTableViewCell.swift */ = {isa = PBXFileReference; fileEncoding = 4; lastKnownFileType = sourcecode.swift; path = NailSalonTableViewCell.swift; sourceTree = "<group>"; };
		19FBE6BC1D6EB529009D379F /* NailSalonTableViewCell.xib */ = {isa = PBXFileReference; fileEncoding = 4; lastKnownFileType = file.xib; path = NailSalonTableViewCell.xib; sourceTree = "<group>"; };
		19FBE6C31D6ED9C0009D379F /* FromPicsTableViewController.swift */ = {isa = PBXFileReference; fileEncoding = 4; lastKnownFileType = sourcecode.swift; path = FromPicsTableViewController.swift; sourceTree = "<group>"; };
		19FBE6C51D6EDA29009D379F /* ForFirstViewController.swift */ = {isa = PBXFileReference; fileEncoding = 4; lastKnownFileType = sourcecode.swift; path = ForFirstViewController.swift; sourceTree = "<group>"; };
		19FBE6C71D6EDA4A009D379F /* ResultViewController.swift */ = {isa = PBXFileReference; fileEncoding = 4; lastKnownFileType = sourcecode.swift; path = ResultViewController.swift; sourceTree = "<group>"; };
		19FBE6C91D6EDAD9009D379F /* FromDetailViewController.swift */ = {isa = PBXFileReference; fileEncoding = 4; lastKnownFileType = sourcecode.swift; path = FromDetailViewController.swift; sourceTree = "<group>"; };
		19FBE6CB1D6EDB03009D379F /* PostViewController.swift */ = {isa = PBXFileReference; fileEncoding = 4; lastKnownFileType = sourcecode.swift; path = PostViewController.swift; sourceTree = "<group>"; };
		2C9B96076B832C4680156CAE /* Pods-NailSalon.release.xcconfig */ = {isa = PBXFileReference; includeInIndex = 1; lastKnownFileType = text.xcconfig; name = "Pods-NailSalon.release.xcconfig"; path = "Pods/Target Support Files/Pods-NailSalon/Pods-NailSalon.release.xcconfig"; sourceTree = "<group>"; };
		CFC25641E9C09C7569BDEFEF /* Pods-NailSalon.debug.xcconfig */ = {isa = PBXFileReference; includeInIndex = 1; lastKnownFileType = text.xcconfig; name = "Pods-NailSalon.debug.xcconfig"; path = "Pods/Target Support Files/Pods-NailSalon/Pods-NailSalon.debug.xcconfig"; sourceTree = "<group>"; };
		FFDE1B6F6C7FAA87D1C94ACE /* Pods_NailSalon.framework */ = {isa = PBXFileReference; explicitFileType = wrapper.framework; includeInIndex = 0; path = Pods_NailSalon.framework; sourceTree = BUILT_PRODUCTS_DIR; };
/* End PBXFileReference section */

/* Begin PBXFrameworksBuildPhase section */
		19FBE6971D671C6B009D379F /* Frameworks */ = {
			isa = PBXFrameworksBuildPhase;
			buildActionMask = 2147483647;
			files = (
				675DBB807D7F3DD2F8D57114 /* Pods_NailSalon.framework in Frameworks */,
			);
			runOnlyForDeploymentPostprocessing = 0;
		};
/* End PBXFrameworksBuildPhase section */

/* Begin PBXGroup section */
		1958139A1D72FD7A00ADADB3 /* HTML */ = {
			isa = PBXGroup;
			children = (
				1958138E1D72DB4500ADADB3 /* nail1.html */,
				195813921D72FC7400ADADB3 /* nail2.html */,
				195813941D72FD3800ADADB3 /* nail3.html */,
				195813961D72FD4500ADADB3 /* nail4.html */,
				195813981D72FD5400ADADB3 /* nail5.html */,
				1958139B1D72FDB200ADADB3 /* nail6.html */,
				195813A31D72FE6500ADADB3 /* nail7.html */,
				1958139F1D72FDF800ADADB3 /* nail8.html */,
				195813A11D72FE0D00ADADB3 /* nail9.html */,
				195813A51D72FE6A00ADADB3 /* nail10.html */,
				195813A71D72FE7B00ADADB3 /* nail11.html */,
				1958136C1D7076E600ADADB3 /* index.html */,
			);
			name = HTML;
			sourceTree = "<group>";
		};
		19FBE6911D671C6B009D379F = {
			isa = PBXGroup;
			children = (
				1958139A1D72FD7A00ADADB3 /* HTML */,
				19FBE69C1D671C6B009D379F /* NailSalon */,
				19FBE69B1D671C6B009D379F /* Products */,
				D91766C8A03B2D15F303C072 /* Pods */,
				632386A277D7A35CAF43A112 /* Frameworks */,
			);
			sourceTree = "<group>";
		};
		19FBE69B1D671C6B009D379F /* Products */ = {
			isa = PBXGroup;
			children = (
				19FBE69A1D671C6B009D379F /* NailSalon.app */,
			);
			name = Products;
			sourceTree = "<group>";
		};
		19FBE69C1D671C6B009D379F /* NailSalon */ = {
			isa = PBXGroup;
			children = (
				19FBE6B91D6EB2EA009D379F /* NailSalonTableViewController.swift */,
				19FBE6C71D6EDA4A009D379F /* ResultViewController.swift */,
				19FBE6C31D6ED9C0009D379F /* FromPicsTableViewController.swift */,
				19FBE6A11D671C6B009D379F /* Main.storyboard */,
				19FBE69F1D671C6B009D379F /* ViewController.swift */,
				19FBE69D1D671C6B009D379F /* AppDelegate.swift */,
				19FBE6C91D6EDAD9009D379F /* FromDetailViewController.swift */,
				195813A91D7304A300ADADB3 /* ForFirstWebViewController.swift */,
				19FBE6C51D6EDA29009D379F /* ForFirstViewController.swift */,
				19FBE6CB1D6EDB03009D379F /* PostViewController.swift */,
				19B37E151D70173D006AE30C /* PostData.swift */,
				19FBE6BB1D6EB529009D379F /* NailSalonTableViewCell.swift */,
				19FBE6BC1D6EB529009D379F /* NailSalonTableViewCell.xib */,
				191EB6821D89AA9F0094BCB5 /* NailSalon-Bridging-Header.h */,
				195813AB1D73718500ADADB3 /* Const.swift */,
				19FBE6A41D671C6B009D379F /* Assets.xcassets */,
				19FBE6A61D671C6B009D379F /* LaunchScreen.storyboard */,
				19FBE6A91D671C6B009D379F /* Info.plist */,
				19B37DF51D700307006AE30C /* GoogleService-Info.plist */,
			);
			path = NailSalon;
			sourceTree = "<group>";
		};
		632386A277D7A35CAF43A112 /* Frameworks */ = {
			isa = PBXGroup;
			children = (
				FFDE1B6F6C7FAA87D1C94ACE /* Pods_NailSalon.framework */,
			);
			name = Frameworks;
			sourceTree = "<group>";
		};
		D91766C8A03B2D15F303C072 /* Pods */ = {
			isa = PBXGroup;
			children = (
				CFC25641E9C09C7569BDEFEF /* Pods-NailSalon.debug.xcconfig */,
				2C9B96076B832C4680156CAE /* Pods-NailSalon.release.xcconfig */,
			);
			name = Pods;
			sourceTree = "<group>";
		};
/* End PBXGroup section */

/* Begin PBXNativeTarget section */
		19FBE6991D671C6B009D379F /* NailSalon */ = {
			isa = PBXNativeTarget;
			buildConfigurationList = 19FBE6AC1D671C6B009D379F /* Build configuration list for PBXNativeTarget "NailSalon" */;
			buildPhases = (
				35DA158391452EF86A30FFAC /* [CP] Check Pods Manifest.lock */,
				19FBE6961D671C6B009D379F /* Sources */,
				19FBE6971D671C6B009D379F /* Frameworks */,
				19FBE6981D671C6B009D379F /* Resources */,
				77C392A6F341772DD7CAF39C /* [CP] Embed Pods Frameworks */,
				5F6B53E2F1A23B51C21C5C9F /* [CP] Copy Pods Resources */,
			);
			buildRules = (
			);
			dependencies = (
			);
			name = NailSalon;
			productName = NailSalon;
			productReference = 19FBE69A1D671C6B009D379F /* NailSalon.app */;
			productType = "com.apple.product-type.application";
		};
/* End PBXNativeTarget section */

/* Begin PBXProject section */
		19FBE6921D671C6B009D379F /* Project object */ = {
			isa = PBXProject;
			attributes = {
				LastSwiftUpdateCheck = 0730;
				LastUpgradeCheck = 0730;
				ORGANIZATIONNAME = mycompany;
				TargetAttributes = {
					19FBE6991D671C6B009D379F = {
						CreatedOnToolsVersion = 7.3;
						DevelopmentTeam = 8XHZKK774L;
					};
				};
			};
			buildConfigurationList = 19FBE6951D671C6B009D379F /* Build configuration list for PBXProject "NailSalon" */;
			compatibilityVersion = "Xcode 3.2";
			developmentRegion = English;
			hasScannedForEncodings = 0;
			knownRegions = (
				en,
				Base,
			);
			mainGroup = 19FBE6911D671C6B009D379F;
			productRefGroup = 19FBE69B1D671C6B009D379F /* Products */;
			projectDirPath = "";
			projectRoot = "";
			targets = (
				19FBE6991D671C6B009D379F /* NailSalon */,
			);
		};
/* End PBXProject section */

/* Begin PBXResourcesBuildPhase section */
		19FBE6981D671C6B009D379F /* Resources */ = {
			isa = PBXResourcesBuildPhase;
			buildActionMask = 2147483647;
			files = (
				1958136D1D7076E600ADADB3 /* index.html in Resources */,
				19FBE6A81D671C6B009D379F /* LaunchScreen.storyboard in Resources */,
				195813991D72FD5400ADADB3 /* nail5.html in Resources */,
				195813931D72FC7400ADADB3 /* nail2.html in Resources */,
				1958138F1D72DB4500ADADB3 /* nail1.html in Resources */,
				19FBE6BE1D6EB529009D379F /* NailSalonTableViewCell.xib in Resources */,
				195813A21D72FE0D00ADADB3 /* nail9.html in Resources */,
				195813971D72FD4500ADADB3 /* nail4.html in Resources */,
				195813A41D72FE6500ADADB3 /* nail7.html in Resources */,
				19FBE6A51D671C6B009D379F /* Assets.xcassets in Resources */,
				195813A81D72FE7B00ADADB3 /* nail11.html in Resources */,
				1958139C1D72FDB200ADADB3 /* nail6.html in Resources */,
				195813951D72FD3800ADADB3 /* nail3.html in Resources */,
				195813A01D72FDF800ADADB3 /* nail8.html in Resources */,
				19FBE6A31D671C6B009D379F /* Main.storyboard in Resources */,
				195813A61D72FE6A00ADADB3 /* nail10.html in Resources */,
				19B37DF61D700307006AE30C /* GoogleService-Info.plist in Resources */,
			);
			runOnlyForDeploymentPostprocessing = 0;
		};
/* End PBXResourcesBuildPhase section */

/* Begin PBXShellScriptBuildPhase section */
		35DA158391452EF86A30FFAC /* [CP] Check Pods Manifest.lock */ = {
			isa = PBXShellScriptBuildPhase;
			buildActionMask = 2147483647;
			files = (
			);
			inputPaths = (
			);
			name = "[CP] Check Pods Manifest.lock";
			outputPaths = (
			);
			runOnlyForDeploymentPostprocessing = 0;
			shellPath = /bin/sh;
			shellScript = "diff \"${PODS_ROOT}/../Podfile.lock\" \"${PODS_ROOT}/Manifest.lock\" > /dev/null\nif [[ $? != 0 ]] ; then\n    cat << EOM\nerror: The sandbox is not in sync with the Podfile.lock. Run 'pod install' or update your CocoaPods installation.\nEOM\n    exit 1\nfi\n";
			showEnvVarsInLog = 0;
		};
		5F6B53E2F1A23B51C21C5C9F /* [CP] Copy Pods Resources */ = {
			isa = PBXShellScriptBuildPhase;
			buildActionMask = 2147483647;
			files = (
			);
			inputPaths = (
			);
			name = "[CP] Copy Pods Resources";
			outputPaths = (
			);
			runOnlyForDeploymentPostprocessing = 0;
			shellPath = /bin/sh;
			shellScript = "\"${SRCROOT}/Pods/Target Support Files/Pods-NailSalon/Pods-NailSalon-resources.sh\"\n";
			showEnvVarsInLog = 0;
		};
		77C392A6F341772DD7CAF39C /* [CP] Embed Pods Frameworks */ = {
			isa = PBXShellScriptBuildPhase;
			buildActionMask = 2147483647;
			files = (
			);
			inputPaths = (
			);
			name = "[CP] Embed Pods Frameworks";
			outputPaths = (
			);
			runOnlyForDeploymentPostprocessing = 0;
			shellPath = /bin/sh;
			shellScript = "\"${SRCROOT}/Pods/Target Support Files/Pods-NailSalon/Pods-NailSalon-frameworks.sh\"\n";
			showEnvVarsInLog = 0;
		};
/* End PBXShellScriptBuildPhase section */

/* Begin PBXSourcesBuildPhase section */
		19FBE6961D671C6B009D379F /* Sources */ = {
			isa = PBXSourcesBuildPhase;
			buildActionMask = 2147483647;
			files = (
				19FBE6BA1D6EB2EA009D379F /* NailSalonTableViewController.swift in Sources */,
				19FBE6A01D671C6B009D379F /* ViewController.swift in Sources */,
				19FBE6C81D6EDA4A009D379F /* ResultViewController.swift in Sources */,
				19FBE6CC1D6EDB03009D379F /* PostViewController.swift in Sources */,
				19FBE69E1D671C6B009D379F /* AppDelegate.swift in Sources */,
				19FBE6CA1D6EDAD9009D379F /* FromDetailViewController.swift in Sources */,
				19FBE6C61D6EDA29009D379F /* ForFirstViewController.swift in Sources */,
				19FBE6C41D6ED9C0009D379F /* FromPicsTableViewController.swift in Sources */,
				19B37E161D70173D006AE30C /* PostData.swift in Sources */,
				195813AA1D7304A300ADADB3 /* ForFirstWebViewController.swift in Sources */,
				19FBE6BD1D6EB529009D379F /* NailSalonTableViewCell.swift in Sources */,
				195813AC1D73718500ADADB3 /* Const.swift in Sources */,
			);
			runOnlyForDeploymentPostprocessing = 0;
		};
/* End PBXSourcesBuildPhase section */

/* Begin PBXVariantGroup section */
		19FBE6A11D671C6B009D379F /* Main.storyboard */ = {
			isa = PBXVariantGroup;
			children = (
				19FBE6A21D671C6B009D379F /* Base */,
			);
			name = Main.storyboard;
			sourceTree = "<group>";
		};
		19FBE6A61D671C6B009D379F /* LaunchScreen.storyboard */ = {
			isa = PBXVariantGroup;
			children = (
				19FBE6A71D671C6B009D379F /* Base */,
			);
			name = LaunchScreen.storyboard;
			sourceTree = "<group>";
		};
/* End PBXVariantGroup section */

/* Begin XCBuildConfiguration section */
		19FBE6AA1D671C6B009D379F /* Debug */ = {
			isa = XCBuildConfiguration;
			buildSettings = {
				ALWAYS_SEARCH_USER_PATHS = NO;
				CLANG_ANALYZER_NONNULL = YES;
				CLANG_CXX_LANGUAGE_STANDARD = "gnu++0x";
				CLANG_CXX_LIBRARY = "libc++";
				CLANG_ENABLE_MODULES = YES;
				CLANG_ENABLE_OBJC_ARC = YES;
				CLANG_WARN_BOOL_CONVERSION = YES;
				CLANG_WARN_CONSTANT_CONVERSION = YES;
				CLANG_WARN_DIRECT_OBJC_ISA_USAGE = YES_ERROR;
				CLANG_WARN_EMPTY_BODY = YES;
				CLANG_WARN_ENUM_CONVERSION = YES;
				CLANG_WARN_INT_CONVERSION = YES;
				CLANG_WARN_OBJC_ROOT_CLASS = YES_ERROR;
				CLANG_WARN_UNREACHABLE_CODE = YES;
				CLANG_WARN__DUPLICATE_METHOD_MATCH = YES;
				"CODE_SIGN_IDENTITY[sdk=iphoneos*]" = "iPhone Developer";
				COPY_PHASE_STRIP = NO;
				DEBUG_INFORMATION_FORMAT = dwarf;
				ENABLE_STRICT_OBJC_MSGSEND = YES;
				ENABLE_TESTABILITY = YES;
				GCC_C_LANGUAGE_STANDARD = gnu99;
				GCC_DYNAMIC_NO_PIC = NO;
				GCC_NO_COMMON_BLOCKS = YES;
				GCC_OPTIMIZATION_LEVEL = 0;
				GCC_PREPROCESSOR_DEFINITIONS = (
					"DEBUG=1",
					"$(inherited)",
				);
				GCC_WARN_64_TO_32_BIT_CONVERSION = YES;
				GCC_WARN_ABOUT_RETURN_TYPE = YES_ERROR;
				GCC_WARN_UNDECLARED_SELECTOR = YES;
				GCC_WARN_UNINITIALIZED_AUTOS = YES_AGGRESSIVE;
				GCC_WARN_UNUSED_FUNCTION = YES;
				GCC_WARN_UNUSED_VARIABLE = YES;
				IPHONEOS_DEPLOYMENT_TARGET = 9.3;
				MTL_ENABLE_DEBUG_INFO = YES;
				ONLY_ACTIVE_ARCH = YES;
				SDKROOT = iphoneos;
				SWIFT_OPTIMIZATION_LEVEL = "-Onone";
			};
			name = Debug;
		};
		19FBE6AB1D671C6B009D379F /* Release */ = {
			isa = XCBuildConfiguration;
			buildSettings = {
				ALWAYS_SEARCH_USER_PATHS = NO;
				CLANG_ANALYZER_NONNULL = YES;
				CLANG_CXX_LANGUAGE_STANDARD = "gnu++0x";
				CLANG_CXX_LIBRARY = "libc++";
				CLANG_ENABLE_MODULES = YES;
				CLANG_ENABLE_OBJC_ARC = YES;
				CLANG_WARN_BOOL_CONVERSION = YES;
				CLANG_WARN_CONSTANT_CONVERSION = YES;
				CLANG_WARN_DIRECT_OBJC_ISA_USAGE = YES_ERROR;
				CLANG_WARN_EMPTY_BODY = YES;
				CLANG_WARN_ENUM_CONVERSION = YES;
				CLANG_WARN_INT_CONVERSION = YES;
				CLANG_WARN_OBJC_ROOT_CLASS = YES_ERROR;
				CLANG_WARN_UNREACHABLE_CODE = YES;
				CLANG_WARN__DUPLICATE_METHOD_MATCH = YES;
				"CODE_SIGN_IDENTITY[sdk=iphoneos*]" = "iPhone Developer";
				COPY_PHASE_STRIP = NO;
				DEBUG_INFORMATION_FORMAT = "dwarf-with-dsym";
				ENABLE_NS_ASSERTIONS = NO;
				ENABLE_STRICT_OBJC_MSGSEND = YES;
				GCC_C_LANGUAGE_STANDARD = gnu99;
				GCC_NO_COMMON_BLOCKS = YES;
				GCC_WARN_64_TO_32_BIT_CONVERSION = YES;
				GCC_WARN_ABOUT_RETURN_TYPE = YES_ERROR;
				GCC_WARN_UNDECLARED_SELECTOR = YES;
				GCC_WARN_UNINITIALIZED_AUTOS = YES_AGGRESSIVE;
				GCC_WARN_UNUSED_FUNCTION = YES;
				GCC_WARN_UNUSED_VARIABLE = YES;
				IPHONEOS_DEPLOYMENT_TARGET = 9.3;
				MTL_ENABLE_DEBUG_INFO = NO;
				SDKROOT = iphoneos;
				VALIDATE_PRODUCT = YES;
			};
			name = Release;
		};
		19FBE6AD1D671C6B009D379F /* Debug */ = {
			isa = XCBuildConfiguration;
			baseConfigurationReference = CFC25641E9C09C7569BDEFEF /* Pods-NailSalon.debug.xcconfig */;
			buildSettings = {
				ASSETCATALOG_COMPILER_APPICON_NAME = AppIcon;
				INFOPLIST_FILE = NailSalon/Info.plist;
				LD_RUNPATH_SEARCH_PATHS = "$(inherited) @executable_path/Frameworks";
				OTHER_LDFLAGS = (
					"$(inherited)",
					"-ObjC",
					"-l\"c++\"",
					"-l\"icucore\"",
					"-l\"sqlite3\"",
					"-l\"z\"",
					"-framework",
					"\"AdSupport\"",
					"-framework",
					"\"AddressBook\"",
					"-framework",
					"\"CFNetwork\"",
					"-framework",
					"\"CoreGraphics\"",
					"-framework",
					"\"ESTabBarController\"",
					"-framework",
					"\"FirebaseAnalytics\"",
					"-framework",
					"\"FirebaseAuth\"",
					"-framework",
					"\"FirebaseDatabase\"",
					"-framework",
					"\"FirebaseInstanceID\"",
					"-framework",
					"\"GoogleInterchangeUtilities\"",
					"-framework",
					"\"GoogleNetworkingUtilities\"",
					"-framework",
					"\"GoogleParsingUtilities\"",
					"-framework",
					"\"GoogleSymbolUtilities\"",
					"-framework",
					"\"GoogleUtilities\"",
					"-framework",
					"\"SVProgressHUD\"",
					"-framework",
					"\"SafariServices\"",
					"-framework",
					"\"Security\"",
					"-framework",
					"\"StoreKit\"",
					"-framework",
					"\"SystemConfiguration\"",
					"-framework",
					"\"TTTAttributedLabel\"",
					"-all_load",
				);
				PRODUCT_BUNDLE_IDENTIFIER = mycompany.NailSalon;
				PRODUCT_NAME = "$(TARGET_NAME)";
			};
			name = Debug;
		};
		19FBE6AE1D671C6B009D379F /* Release */ = {
			isa = XCBuildConfiguration;
			baseConfigurationReference = 2C9B96076B832C4680156CAE /* Pods-NailSalon.release.xcconfig */;
			buildSettings = {
				ASSETCATALOG_COMPILER_APPICON_NAME = AppIcon;
				INFOPLIST_FILE = NailSalon/Info.plist;
				LD_RUNPATH_SEARCH_PATHS = "$(inherited) @executable_path/Frameworks";
				OTHER_LDFLAGS = (
					"$(inherited)",
					"-ObjC",
					"-l\"c++\"",
					"-l\"icucore\"",
					"-l\"sqlite3\"",
					"-l\"z\"",
					"-framework",
					"\"AdSupport\"",
					"-framework",
					"\"AddressBook\"",
					"-framework",
					"\"CFNetwork\"",
					"-framework",
					"\"CoreGraphics\"",
					"-framework",
					"\"ESTabBarController\"",
					"-framework",
					"\"FirebaseAnalytics\"",
					"-framework",
					"\"FirebaseAuth\"",
					"-framework",
					"\"FirebaseDatabase\"",
					"-framework",
					"\"FirebaseInstanceID\"",
					"-framework",
					"\"GoogleInterchangeUtilities\"",
					"-framework",
					"\"GoogleNetworkingUtilities\"",
					"-framework",
					"\"GoogleParsingUtilities\"",
					"-framework",
					"\"GoogleSymbolUtilities\"",
					"-framework",
					"\"GoogleUtilities\"",
					"-framework",
					"\"SVProgressHUD\"",
					"-framework",
					"\"SafariServices\"",
					"-framework",
					"\"Security\"",
					"-framework",
					"\"StoreKit\"",
					"-framework",
					"\"SystemConfiguration\"",
					"-framework",
					"\"TTTAttributedLabel\"",
					"-all_load",
				);
				PRODUCT_BUNDLE_IDENTIFIER = mycompany.NailSalon;
				PRODUCT_NAME = "$(TARGET_NAME)";
			};
			name = Release;
		};
/* End XCBuildConfiguration section */

/* Begin XCConfigurationList section */
		19FBE6951D671C6B009D379F /* Build configuration list for PBXProject "NailSalon" */ = {
			isa = XCConfigurationList;
			buildConfigurations = (
				19FBE6AA1D671C6B009D379F /* Debug */,
				19FBE6AB1D671C6B009D379F /* Release */,
			);
			defaultConfigurationIsVisible = 0;
			defaultConfigurationName = Release;
		};
		19FBE6AC1D671C6B009D379F /* Build configuration list for PBXNativeTarget "NailSalon" */ = {
			isa = XCConfigurationList;
			buildConfigurations = (
				19FBE6AD1D671C6B009D379F /* Debug */,
				19FBE6AE1D671C6B009D379F /* Release */,
			);
			defaultConfigurationIsVisible = 0;
			defaultConfigurationName = Release;
		};
/* End XCConfigurationList section */
	};
	rootObject = 19FBE6921D671C6B009D379F /* Project object */;
}
